
Microsoft Visual Studio Solution File, Format Version 12.00
# Visual Studio Version 17
VisualStudioVersion = 17.8.34309.116
MinimumVisualStudioVersion = 10.0.40219.1
Project("{FAE04EC0-301F-11D3-BF4B-00C04F79EFBC}") = "healthcalc-console-dotnet", "healthcalc-console-dotnet\healthcalc-console-dotnet.csproj", "{B673EDE1-3C3C-43E8-805D-9840D190FFDA}"
EndProject
Project("{FAE04EC0-301F-11D3-BF4B-00C04F79EFBC}") = "healthcalc-pack-dotnet", "healthcalc-pack-dotnet\healthcalc-pack-dotnet.csproj", "{1E2FD5D9-0EFE-42FC-AB7D-800A29B157E1}"
EndProject
Project("{FAE04EC0-301F-11D3-BF4B-00C04F79EFBC}") = "healthcalc-test-dotnet", "healthcalc-test-dotnet\healthcalc-test-dotnet.csproj", "{E104694B-D21D-4D4B-B6E4-85CAAAC2EB91}"
EndProject
Global
	GlobalSection(SolutionConfigurationPlatforms) = preSolution
		Debug|Any CPU = Debug|Any CPU
		Release|Any CPU = Release|Any CPU
	EndGlobalSection
	GlobalSection(ProjectConfigurationPlatforms) = postSolution
		{B673EDE1-3C3C-43E8-805D-9840D190FFDA}.Debug|Any CPU.ActiveCfg = Debug|Any CPU
		{B673EDE1-3C3C-43E8-805D-9840D190FFDA}.Debug|Any CPU.Build.0 = Debug|Any CPU
		{B673EDE1-3C3C-43E8-805D-9840D190FFDA}.Release|Any CPU.ActiveCfg = Release|Any CPU
		{B673EDE1-3C3C-43E8-805D-9840D190FFDA}.Release|Any CPU.Build.0 = Release|Any CPU
		{1E2FD5D9-0EFE-42FC-AB7D-800A29B157E1}.Debug|Any CPU.ActiveCfg = Debug|Any CPU
		{1E2FD5D9-0EFE-42FC-AB7D-800A29B157E1}.Debug|Any CPU.Build.0 = Debug|Any CPU
		{1E2FD5D9-0EFE-42FC-AB7D-800A29B157E1}.Release|Any CPU.ActiveCfg = Release|Any CPU
		{1E2FD5D9-0EFE-42FC-AB7D-800A29B157E1}.Release|Any CPU.Build.0 = Release|Any CPU
		{E104694B-D21D-4D4B-B6E4-85CAAAC2EB91}.Debug|Any CPU.ActiveCfg = Debug|Any CPU
		{E104694B-D21D-4D4B-B6E4-85CAAAC2EB91}.Debug|Any CPU.Build.0 = Debug|Any CPU
		{E104694B-D21D-4D4B-B6E4-85CAAAC2EB91}.Release|Any CPU.ActiveCfg = Release|Any CPU
		{E104694B-D21D-4D4B-B6E4-85CAAAC2EB91}.Release|Any CPU.Build.0 = Release|Any CPU
	EndGlobalSection
	GlobalSection(SolutionProperties) = preSolution
		HideSolutionNode = FALSE
	EndGlobalSection
	GlobalSection(ExtensibilityGlobals) = postSolution
		SolutionGuid = {C2F3B65C-B6C8-4102-9A3D-08A5F19E3C3B}
	EndGlobalSection
EndGlobal
